{
  "version": 4,
  "terraform_version": "1.9.2",
  "serial": 138,
  "lineage": "85835964-b732-16db-a27d-61f25343b77a",
  "outputs": {},
  "resources": [
    {
      "mode": "data",
      "type": "external",
      "name": "compute_instances",
      "provider": "provider[\"registry.terraform.io/hashicorp/external\"]",
      "instances": [
        {
          "schema_version": 0,
          "attributes": {
            "id": "-",
            "program": [
              "python3",
              "fetch_resources.py",
              "compute",
              "v1",
              "rnd2024",
              "tf-test-key",
              "tf-test-val",
              "instances",
              "aggregatedList",
              "items"
            ],
            "query": null,
            "result": {
              "resource_0": "2142141910119978407",
              "resource_1": "5451151660293904844"
            },
            "working_dir": null
          },
          "sensitive_attributes": []
        }
      ]
    },
    {
      "mode": "data",
      "type": "external",
      "name": "gcs_buckets",
      "provider": "provider[\"registry.terraform.io/hashicorp/external\"]",
      "instances": [
        {
          "schema_version": 0,
          "attributes": {
            "id": "-",
            "program": [
              "python3",
              "fetch_resources.py",
              "storage",
              "v1",
              "rnd2024",
              "tf-test-key",
              "tf-test-val",
              "buckets",
              "list",
              "items"
            ],
            "query": null,
            "result": {
              "resource_0": "rbl-operations-file-dev-bucket"
            },
            "working_dir": null
          },
          "sensitive_attributes": []
        }
      ]
    },
    {
      "module": "module.gcs_alerts",
      "mode": "managed",
      "type": "google_monitoring_alert_policy",
      "name": "object_count_alert",
      "provider": "provider[\"registry.terraform.io/hashicorp/google\"]",
      "instances": [
        {
          "index_key": "rbl-operations-file-dev-bucket",
          "schema_version": 0,
          "attributes": {
            "alert_strategy": [],
            "combiner": "OR",
            "conditions": [
              {
                "condition_absent": [],
                "condition_matched_log": [],
                "condition_monitoring_query_language": [],
                "condition_prometheus_query_language": [],
                "condition_threshold": [
                  {
                    "aggregations": [
                      {
                        "alignment_period": "60s",
                        "cross_series_reducer": "",
                        "group_by_fields": null,
                        "per_series_aligner": "ALIGN_MEAN"
                      }
                    ],
                    "comparison": "COMPARISON_GT",
                    "denominator_aggregations": [],
                    "denominator_filter": "",
                    "duration": "60s",
                    "evaluation_missing_data": "",
                    "filter": "metric.type=\"storage.googleapis.com/storage/object_count\" AND resource.type=\"gcs_bucket\" AND resource.label.bucket_name=\"rbl-operations-file-dev-bucket\"",
                    "forecast_options": [],
                    "threshold_value": 10000,
                    "trigger": []
                  }
                ],
                "display_name": "High Object Count",
                "name": "projects/rnd2024/alertPolicies/20142406494637293/conditions/20142406494637044"
              }
            ],
            "creation_record": [
              {
                "mutate_time": "2024-07-29T14:49:26.908709457Z",
                "mutated_by": "shubham.pal@lumiq.ai"
              }
            ],
            "display_name": "High Object Count for Labeled Bucket",
            "documentation": [
              {
                "content": "This alert policy triggers when the object count exceeds the specified threshold for more than 60 seconds.",
                "links": [],
                "mime_type": "text/markdown",
                "subject": ""
              }
            ],
            "enabled": true,
            "id": "projects/rnd2024/alertPolicies/20142406494637293",
            "name": "projects/rnd2024/alertPolicies/20142406494637293",
            "notification_channels": [
              "projects/rnd2024/notificationChannels/3878692042354998264"
            ],
            "project": "rnd2024",
            "severity": "",
            "timeouts": null,
            "user_labels": {
              "severity": "critical"
            }
          },
          "sensitive_attributes": [],
          "private": "eyJlMmJmYjczMC1lY2FhLTExZTYtOGY4OC0zNDM2M2JjN2M0YzAiOnsiY3JlYXRlIjoxMjAwMDAwMDAwMDAwLCJkZWxldGUiOjEyMDAwMDAwMDAwMDAsInVwZGF0ZSI6MTIwMDAwMDAwMDAwMH19",
          "dependencies": [
            "data.external.gcs_buckets",
            "module.gcs_alerts.google_monitoring_notification_channel.email"
          ]
        }
      ]
    },
    {
      "module": "module.gcs_alerts",
      "mode": "managed",
      "type": "google_monitoring_alert_policy",
      "name": "storage_alert",
      "provider": "provider[\"registry.terraform.io/hashicorp/google\"]",
      "instances": [
        {
          "index_key": "rbl-operations-file-dev-bucket",
          "schema_version": 0,
          "attributes": {
            "alert_strategy": [],
            "combiner": "OR",
            "conditions": [
              {
                "condition_absent": [],
                "condition_matched_log": [],
                "condition_monitoring_query_language": [],
                "condition_prometheus_query_language": [],
                "condition_threshold": [
                  {
                    "aggregations": [
                      {
                        "alignment_period": "60s",
                        "cross_series_reducer": "",
                        "group_by_fields": null,
                        "per_series_aligner": "ALIGN_MEAN"
                      }
                    ],
                    "comparison": "COMPARISON_GT",
                    "denominator_aggregations": [],
                    "denominator_filter": "",
                    "duration": "60s",
                    "evaluation_missing_data": "",
                    "filter": "metric.type=\"storage.googleapis.com/storage/total_bytes\" AND resource.type=\"gcs_bucket\" AND resource.label.bucket_name=\"rbl-operations-file-dev-bucket\"",
                    "forecast_options": [],
                    "threshold_value": 1000000000,
                    "trigger": []
                  }
                ],
                "display_name": "High Storage Usage",
                "name": "projects/rnd2024/alertPolicies/7839501891733237562/conditions/7839501891733233821"
              }
            ],
            "creation_record": [
              {
                "mutate_time": "2024-07-29T14:49:29.309618136Z",
                "mutated_by": "shubham.pal@lumiq.ai"
              }
            ],
            "display_name": "High Storage Usage for Labeled Bucket",
            "documentation": [
              {
                "content": "This alert policy triggers when the storage usage exceeds the specified threshold for more than 60 seconds.",
                "links": [],
                "mime_type": "text/markdown",
                "subject": ""
              }
            ],
            "enabled": true,
            "id": "projects/rnd2024/alertPolicies/7839501891733237562",
            "name": "projects/rnd2024/alertPolicies/7839501891733237562",
            "notification_channels": [
              "projects/rnd2024/notificationChannels/3878692042354998264"
            ],
            "project": "rnd2024",
            "severity": "",
            "timeouts": null,
            "user_labels": {
              "severity": "critical"
            }
          },
          "sensitive_attributes": [],
          "private": "eyJlMmJmYjczMC1lY2FhLTExZTYtOGY4OC0zNDM2M2JjN2M0YzAiOnsiY3JlYXRlIjoxMjAwMDAwMDAwMDAwLCJkZWxldGUiOjEyMDAwMDAwMDAwMDAsInVwZGF0ZSI6MTIwMDAwMDAwMDAwMH19",
          "dependencies": [
            "data.external.gcs_buckets",
            "module.gcs_alerts.google_monitoring_notification_channel.email"
          ]
        }
      ]
    },
    {
      "module": "module.gcs_alerts",
      "mode": "managed",
      "type": "google_monitoring_notification_channel",
      "name": "email",
      "provider": "provider[\"registry.terraform.io/hashicorp/google\"]",
      "instances": [
        {
          "schema_version": 0,
          "attributes": {
            "description": "",
            "display_name": "Email Notification Channel",
            "enabled": true,
            "force_delete": false,
            "id": "projects/rnd2024/notificationChannels/3878692042354998264",
            "labels": {
              "email_address": "temp@mail.com"
            },
            "name": "projects/rnd2024/notificationChannels/3878692042354998264",
            "project": "rnd2024",
            "sensitive_labels": [],
            "timeouts": null,
            "type": "email",
            "user_labels": null,
            "verification_status": ""
          },
          "sensitive_attributes": [],
          "private": "eyJlMmJmYjczMC1lY2FhLTExZTYtOGY4OC0zNDM2M2JjN2M0YzAiOnsiY3JlYXRlIjoxMjAwMDAwMDAwMDAwLCJkZWxldGUiOjEyMDAwMDAwMDAwMDAsInVwZGF0ZSI6MTIwMDAwMDAwMDAwMH19"
        }
      ]
    },
    {
      "module": "module.vm_alerts",
      "mode": "managed",
      "type": "google_monitoring_alert_policy",
      "name": "cpu_alert",
      "provider": "provider[\"registry.terraform.io/hashicorp/google\"]",
      "instances": [
        {
          "index_key": "2142141910119978407",
          "schema_version": 0,
          "attributes": {
            "alert_strategy": [],
            "combiner": "OR",
            "conditions": [
              {
                "condition_absent": [],
                "condition_matched_log": [],
                "condition_monitoring_query_language": [],
                "condition_prometheus_query_language": [],
                "condition_threshold": [
                  {
                    "aggregations": [
                      {
                        "alignment_period": "60s",
                        "cross_series_reducer": "",
                        "group_by_fields": null,
                        "per_series_aligner": "ALIGN_MEAN"
                      }
                    ],
                    "comparison": "COMPARISON_GT",
                    "denominator_aggregations": [],
                    "denominator_filter": "",
                    "duration": "60s",
                    "evaluation_missing_data": "",
                    "filter": "metric.type=\"compute.googleapis.com/instance/cpu/utilization\" AND resource.type=\"gce_instance\" AND resource.label.instance_id=\"2142141910119978407\"",
                    "forecast_options": [],
                    "threshold_value": 0.8,
                    "trigger": []
                  }
                ],
                "display_name": "High CPU Usage",
                "name": "projects/rnd2024/alertPolicies/10735599796992383153/conditions/10735599796992383244"
              }
            ],
            "creation_record": [
              {
                "mutate_time": "2024-07-29T14:49:04.078750247Z",
                "mutated_by": "shubham.pal@lumiq.ai"
              }
            ],
            "display_name": "High CPU Usage for Labeled Instance",
            "documentation": [
              {
                "content": "This alert policy triggers when the CPU usage exceeds 80% for more than 60 seconds.",
                "links": [],
                "mime_type": "text/markdown",
                "subject": ""
              }
            ],
            "enabled": true,
            "id": "projects/rnd2024/alertPolicies/10735599796992383153",
            "name": "projects/rnd2024/alertPolicies/10735599796992383153",
            "notification_channels": [
              "projects/rnd2024/notificationChannels/8242617300837024130"
            ],
            "project": "rnd2024",
            "severity": "",
            "timeouts": null,
            "user_labels": {
              "severity": "critical"
            }
          },
          "sensitive_attributes": [],
          "private": "eyJlMmJmYjczMC1lY2FhLTExZTYtOGY4OC0zNDM2M2JjN2M0YzAiOnsiY3JlYXRlIjoxMjAwMDAwMDAwMDAwLCJkZWxldGUiOjEyMDAwMDAwMDAwMDAsInVwZGF0ZSI6MTIwMDAwMDAwMDAwMH19",
          "dependencies": [
            "data.external.compute_instances",
            "module.vm_alerts.google_monitoring_notification_channel.email"
          ]
        },
        {
          "index_key": "5451151660293904844",
          "schema_version": 0,
          "attributes": {
            "alert_strategy": [],
            "combiner": "OR",
            "conditions": [
              {
                "condition_absent": [],
                "condition_matched_log": [],
                "condition_monitoring_query_language": [],
                "condition_prometheus_query_language": [],
                "condition_threshold": [
                  {
                    "aggregations": [
                      {
                        "alignment_period": "60s",
                        "cross_series_reducer": "",
                        "group_by_fields": null,
                        "per_series_aligner": "ALIGN_MEAN"
                      }
                    ],
                    "comparison": "COMPARISON_GT",
                    "denominator_aggregations": [],
                    "denominator_filter": "",
                    "duration": "60s",
                    "evaluation_missing_data": "",
                    "filter": "metric.type=\"compute.googleapis.com/instance/cpu/utilization\" AND resource.type=\"gce_instance\" AND resource.label.instance_id=\"5451151660293904844\"",
                    "forecast_options": [],
                    "threshold_value": 0.8,
                    "trigger": []
                  }
                ],
                "display_name": "High CPU Usage",
                "name": "projects/rnd2024/alertPolicies/15947085285029298560/conditions/15947085285029301389"
              }
            ],
            "creation_record": [
              {
                "mutate_time": "2024-07-29T14:49:11.885218075Z",
                "mutated_by": "shubham.pal@lumiq.ai"
              }
            ],
            "display_name": "High CPU Usage for Labeled Instance",
            "documentation": [
              {
                "content": "This alert policy triggers when the CPU usage exceeds 80% for more than 60 seconds.",
                "links": [],
                "mime_type": "text/markdown",
                "subject": ""
              }
            ],
            "enabled": true,
            "id": "projects/rnd2024/alertPolicies/15947085285029298560",
            "name": "projects/rnd2024/alertPolicies/15947085285029298560",
            "notification_channels": [
              "projects/rnd2024/notificationChannels/8242617300837024130"
            ],
            "project": "rnd2024",
            "severity": "",
            "timeouts": null,
            "user_labels": {
              "severity": "critical"
            }
          },
          "sensitive_attributes": [],
          "private": "eyJlMmJmYjczMC1lY2FhLTExZTYtOGY4OC0zNDM2M2JjN2M0YzAiOnsiY3JlYXRlIjoxMjAwMDAwMDAwMDAwLCJkZWxldGUiOjEyMDAwMDAwMDAwMDAsInVwZGF0ZSI6MTIwMDAwMDAwMDAwMH19",
          "dependencies": [
            "data.external.compute_instances",
            "module.vm_alerts.google_monitoring_notification_channel.email"
          ]
        }
      ]
    },
    {
      "module": "module.vm_alerts",
      "mode": "managed",
      "type": "google_monitoring_alert_policy",
      "name": "disk_read_alert",
      "provider": "provider[\"registry.terraform.io/hashicorp/google\"]",
      "instances": [
        {
          "index_key": "2142141910119978407",
          "schema_version": 0,
          "attributes": {
            "alert_strategy": [],
            "combiner": "OR",
            "conditions": [
              {
                "condition_absent": [],
                "condition_matched_log": [],
                "condition_monitoring_query_language": [],
                "condition_prometheus_query_language": [],
                "condition_threshold": [
                  {
                    "aggregations": [
                      {
                        "alignment_period": "60s",
                        "cross_series_reducer": "",
                        "group_by_fields": null,
                        "per_series_aligner": "ALIGN_RATE"
                      }
                    ],
                    "comparison": "COMPARISON_GT",
                    "denominator_aggregations": [],
                    "denominator_filter": "",
                    "duration": "60s",
                    "evaluation_missing_data": "",
                    "filter": "metric.type=\"compute.googleapis.com/instance/disk/read_bytes_count\" AND resource.type=\"gce_instance\" AND resource.label.instance_id=\"2142141910119978407\"",
                    "forecast_options": [],
                    "threshold_value": 1000000,
                    "trigger": []
                  }
                ],
                "display_name": "High Disk Read Usage",
                "name": "projects/rnd2024/alertPolicies/18099684888668285132/conditions/18099684888668282965"
              }
            ],
            "creation_record": [
              {
                "mutate_time": "2024-07-29T14:49:19.661787983Z",
                "mutated_by": "shubham.pal@lumiq.ai"
              }
            ],
            "display_name": "High Disk Read Usage for Labeled Instance",
            "documentation": [
              {
                "content": "This alert policy triggers when the disk read usage exceeds the specified threshold for more than 60 seconds.",
                "links": [],
                "mime_type": "text/markdown",
                "subject": ""
              }
            ],
            "enabled": true,
            "id": "projects/rnd2024/alertPolicies/18099684888668285132",
            "name": "projects/rnd2024/alertPolicies/18099684888668285132",
            "notification_channels": [
              "projects/rnd2024/notificationChannels/8242617300837024130"
            ],
            "project": "rnd2024",
            "severity": "",
            "timeouts": null,
            "user_labels": {
              "severity": "critical"
            }
          },
          "sensitive_attributes": [],
          "private": "eyJlMmJmYjczMC1lY2FhLTExZTYtOGY4OC0zNDM2M2JjN2M0YzAiOnsiY3JlYXRlIjoxMjAwMDAwMDAwMDAwLCJkZWxldGUiOjEyMDAwMDAwMDAwMDAsInVwZGF0ZSI6MTIwMDAwMDAwMDAwMH19",
          "dependencies": [
            "data.external.compute_instances",
            "module.vm_alerts.google_monitoring_notification_channel.email"
          ]
        },
        {
          "index_key": "5451151660293904844",
          "schema_version": 0,
          "attributes": {
            "alert_strategy": [],
            "combiner": "OR",
            "conditions": [
              {
                "condition_absent": [],
                "condition_matched_log": [],
                "condition_monitoring_query_language": [],
                "condition_prometheus_query_language": [],
                "condition_threshold": [
                  {
                    "aggregations": [
                      {
                        "alignment_period": "60s",
                        "cross_series_reducer": "",
                        "group_by_fields": null,
                        "per_series_aligner": "ALIGN_RATE"
                      }
                    ],
                    "comparison": "COMPARISON_GT",
                    "denominator_aggregations": [],
                    "denominator_filter": "",
                    "duration": "60s",
                    "evaluation_missing_data": "",
                    "filter": "metric.type=\"compute.googleapis.com/instance/disk/read_bytes_count\" AND resource.type=\"gce_instance\" AND resource.label.instance_id=\"5451151660293904844\"",
                    "forecast_options": [],
                    "threshold_value": 1000000,
                    "trigger": []
                  }
                ],
                "display_name": "High Disk Read Usage",
                "name": "projects/rnd2024/alertPolicies/10735599796992381242/conditions/10735599796992381333"
              }
            ],
            "creation_record": [
              {
                "mutate_time": "2024-07-29T14:49:01.567080255Z",
                "mutated_by": "shubham.pal@lumiq.ai"
              }
            ],
            "display_name": "High Disk Read Usage for Labeled Instance",
            "documentation": [
              {
                "content": "This alert policy triggers when the disk read usage exceeds the specified threshold for more than 60 seconds.",
                "links": [],
                "mime_type": "text/markdown",
                "subject": ""
              }
            ],
            "enabled": true,
            "id": "projects/rnd2024/alertPolicies/10735599796992381242",
            "name": "projects/rnd2024/alertPolicies/10735599796992381242",
            "notification_channels": [
              "projects/rnd2024/notificationChannels/8242617300837024130"
            ],
            "project": "rnd2024",
            "severity": "",
            "timeouts": null,
            "user_labels": {
              "severity": "critical"
            }
          },
          "sensitive_attributes": [],
          "private": "eyJlMmJmYjczMC1lY2FhLTExZTYtOGY4OC0zNDM2M2JjN2M0YzAiOnsiY3JlYXRlIjoxMjAwMDAwMDAwMDAwLCJkZWxldGUiOjEyMDAwMDAwMDAwMDAsInVwZGF0ZSI6MTIwMDAwMDAwMDAwMH19",
          "dependencies": [
            "data.external.compute_instances",
            "module.vm_alerts.google_monitoring_notification_channel.email"
          ]
        }
      ]
    },
    {
      "module": "module.vm_alerts",
      "mode": "managed",
      "type": "google_monitoring_alert_policy",
      "name": "disk_write_alert",
      "provider": "provider[\"registry.terraform.io/hashicorp/google\"]",
      "instances": [
        {
          "index_key": "2142141910119978407",
          "schema_version": 0,
          "attributes": {
            "alert_strategy": [],
            "combiner": "OR",
            "conditions": [
              {
                "condition_absent": [],
                "condition_matched_log": [],
                "condition_monitoring_query_language": [],
                "condition_prometheus_query_language": [],
                "condition_threshold": [
                  {
                    "aggregations": [
                      {
                        "alignment_period": "60s",
                        "cross_series_reducer": "",
                        "group_by_fields": null,
                        "per_series_aligner": "ALIGN_RATE"
                      }
                    ],
                    "comparison": "COMPARISON_GT",
                    "denominator_aggregations": [],
                    "denominator_filter": "",
                    "duration": "60s",
                    "evaluation_missing_data": "",
                    "filter": "metric.type=\"compute.googleapis.com/instance/disk/write_bytes_count\" AND resource.type=\"gce_instance\" AND resource.label.instance_id=\"2142141910119978407\"",
                    "forecast_options": [],
                    "threshold_value": 1000000,
                    "trigger": []
                  }
                ],
                "display_name": "High Disk Write Usage",
                "name": "projects/rnd2024/alertPolicies/17465565373383623624/conditions/17465565373383623163"
              }
            ],
            "creation_record": [
              {
                "mutate_time": "2024-07-29T14:49:09.428825765Z",
                "mutated_by": "shubham.pal@lumiq.ai"
              }
            ],
            "display_name": "High Disk Write Usage for Labeled Instance",
            "documentation": [
              {
                "content": "This alert policy triggers when the disk write usage exceeds the specified threshold for more than 60 seconds.",
                "links": [],
                "mime_type": "text/markdown",
                "subject": ""
              }
            ],
            "enabled": true,
            "id": "projects/rnd2024/alertPolicies/17465565373383623624",
            "name": "projects/rnd2024/alertPolicies/17465565373383623624",
            "notification_channels": [
              "projects/rnd2024/notificationChannels/8242617300837024130"
            ],
            "project": "rnd2024",
            "severity": "",
            "timeouts": null,
            "user_labels": {
              "severity": "critical"
            }
          },
          "sensitive_attributes": [],
          "private": "eyJlMmJmYjczMC1lY2FhLTExZTYtOGY4OC0zNDM2M2JjN2M0YzAiOnsiY3JlYXRlIjoxMjAwMDAwMDAwMDAwLCJkZWxldGUiOjEyMDAwMDAwMDAwMDAsInVwZGF0ZSI6MTIwMDAwMDAwMDAwMH19",
          "dependencies": [
            "data.external.compute_instances",
            "module.vm_alerts.google_monitoring_notification_channel.email"
          ]
        },
        {
          "index_key": "5451151660293904844",
          "schema_version": 0,
          "attributes": {
            "alert_strategy": [],
            "combiner": "OR",
            "conditions": [
              {
                "condition_absent": [],
                "condition_matched_log": [],
                "condition_monitoring_query_language": [],
                "condition_prometheus_query_language": [],
                "condition_threshold": [
                  {
                    "aggregations": [
                      {
                        "alignment_period": "60s",
                        "cross_series_reducer": "",
                        "group_by_fields": null,
                        "per_series_aligner": "ALIGN_RATE"
                      }
                    ],
                    "comparison": "COMPARISON_GT",
                    "denominator_aggregations": [],
                    "denominator_filter": "",
                    "duration": "60s",
                    "evaluation_missing_data": "",
                    "filter": "metric.type=\"compute.googleapis.com/instance/disk/write_bytes_count\" AND resource.type=\"gce_instance\" AND resource.label.instance_id=\"5451151660293904844\"",
                    "forecast_options": [],
                    "threshold_value": 1000000,
                    "trigger": []
                  }
                ],
                "display_name": "High Disk Write Usage",
                "name": "projects/rnd2024/alertPolicies/9760813549493899531/conditions/9760813549493901606"
              }
            ],
            "creation_record": [
              {
                "mutate_time": "2024-07-29T14:49:14.328221163Z",
                "mutated_by": "shubham.pal@lumiq.ai"
              }
            ],
            "display_name": "High Disk Write Usage for Labeled Instance",
            "documentation": [
              {
                "content": "This alert policy triggers when the disk write usage exceeds the specified threshold for more than 60 seconds.",
                "links": [],
                "mime_type": "text/markdown",
                "subject": ""
              }
            ],
            "enabled": true,
            "id": "projects/rnd2024/alertPolicies/9760813549493899531",
            "name": "projects/rnd2024/alertPolicies/9760813549493899531",
            "notification_channels": [
              "projects/rnd2024/notificationChannels/8242617300837024130"
            ],
            "project": "rnd2024",
            "severity": "",
            "timeouts": null,
            "user_labels": {
              "severity": "critical"
            }
          },
          "sensitive_attributes": [],
          "private": "eyJlMmJmYjczMC1lY2FhLTExZTYtOGY4OC0zNDM2M2JjN2M0YzAiOnsiY3JlYXRlIjoxMjAwMDAwMDAwMDAwLCJkZWxldGUiOjEyMDAwMDAwMDAwMDAsInVwZGF0ZSI6MTIwMDAwMDAwMDAwMH19",
          "dependencies": [
            "data.external.compute_instances",
            "module.vm_alerts.google_monitoring_notification_channel.email"
          ]
        }
      ]
    },
    {
      "module": "module.vm_alerts",
      "mode": "managed",
      "type": "google_monitoring_alert_policy",
      "name": "memory_used_alert",
      "provider": "provider[\"registry.terraform.io/hashicorp/google\"]",
      "instances": [
        {
          "index_key": "2142141910119978407",
          "schema_version": 0,
          "attributes": {
            "alert_strategy": [],
            "combiner": "OR",
            "conditions": [
              {
                "condition_absent": [],
                "condition_matched_log": [],
                "condition_monitoring_query_language": [],
                "condition_prometheus_query_language": [],
                "condition_threshold": [
                  {
                    "aggregations": [
                      {
                        "alignment_period": "60s",
                        "cross_series_reducer": "",
                        "group_by_fields": null,
                        "per_series_aligner": "ALIGN_MEAN"
                      }
                    ],
                    "comparison": "COMPARISON_GT",
                    "denominator_aggregations": [],
                    "denominator_filter": "",
                    "duration": "60s",
                    "evaluation_missing_data": "",
                    "filter": "metric.type=\"compute.googleapis.com/instance/memory/balloon/ram_size\" AND resource.type=\"gce_instance\" AND resource.label.instance_id=\"2142141910119978407\"",
                    "forecast_options": [],
                    "threshold_value": 0.8,
                    "trigger": []
                  }
                ],
                "display_name": "High Memory Usage",
                "name": "projects/rnd2024/alertPolicies/8091188508012570578/conditions/8091188508012571279"
              }
            ],
            "creation_record": [
              {
                "mutate_time": "2024-07-29T14:49:22.090875092Z",
                "mutated_by": "shubham.pal@lumiq.ai"
              }
            ],
            "display_name": "High Memory Usage for Labeled Instance",
            "documentation": [
              {
                "content": "This alert policy triggers when the memory usage exceeds 80% for more than 60 seconds.",
                "links": [],
                "mime_type": "text/markdown",
                "subject": ""
              }
            ],
            "enabled": true,
            "id": "projects/rnd2024/alertPolicies/8091188508012570578",
            "name": "projects/rnd2024/alertPolicies/8091188508012570578",
            "notification_channels": [
              "projects/rnd2024/notificationChannels/8242617300837024130"
            ],
            "project": "rnd2024",
            "severity": "",
            "timeouts": null,
            "user_labels": {
              "severity": "critical"
            }
          },
          "sensitive_attributes": [],
          "private": "eyJlMmJmYjczMC1lY2FhLTExZTYtOGY4OC0zNDM2M2JjN2M0YzAiOnsiY3JlYXRlIjoxMjAwMDAwMDAwMDAwLCJkZWxldGUiOjEyMDAwMDAwMDAwMDAsInVwZGF0ZSI6MTIwMDAwMDAwMDAwMH19",
          "dependencies": [
            "data.external.compute_instances",
            "module.vm_alerts.google_monitoring_notification_channel.email"
          ]
        },
        {
          "index_key": "5451151660293904844",
          "schema_version": 0,
          "attributes": {
            "alert_strategy": [],
            "combiner": "OR",
            "conditions": [
              {
                "condition_absent": [],
                "condition_matched_log": [],
                "condition_monitoring_query_language": [],
                "condition_prometheus_query_language": [],
                "condition_threshold": [
                  {
                    "aggregations": [
                      {
                        "alignment_period": "60s",
                        "cross_series_reducer": "",
                        "group_by_fields": null,
                        "per_series_aligner": "ALIGN_MEAN"
                      }
                    ],
                    "comparison": "COMPARISON_GT",
                    "denominator_aggregations": [],
                    "denominator_filter": "",
                    "duration": "60s",
                    "evaluation_missing_data": "",
                    "filter": "metric.type=\"compute.googleapis.com/instance/memory/balloon/ram_size\" AND resource.type=\"gce_instance\" AND resource.label.instance_id=\"5451151660293904844\"",
                    "forecast_options": [],
                    "threshold_value": 0.8,
                    "trigger": []
                  }
                ],
                "display_name": "High Memory Usage",
                "name": "projects/rnd2024/alertPolicies/3505696767369761690/conditions/3505696767369761793"
              }
            ],
            "creation_record": [
              {
                "mutate_time": "2024-07-29T14:49:06.748711510Z",
                "mutated_by": "shubham.pal@lumiq.ai"
              }
            ],
            "display_name": "High Memory Usage for Labeled Instance",
            "documentation": [
              {
                "content": "This alert policy triggers when the memory usage exceeds 80% for more than 60 seconds.",
                "links": [],
                "mime_type": "text/markdown",
                "subject": ""
              }
            ],
            "enabled": true,
            "id": "projects/rnd2024/alertPolicies/3505696767369761690",
            "name": "projects/rnd2024/alertPolicies/3505696767369761690",
            "notification_channels": [
              "projects/rnd2024/notificationChannels/8242617300837024130"
            ],
            "project": "rnd2024",
            "severity": "",
            "timeouts": null,
            "user_labels": {
              "severity": "critical"
            }
          },
          "sensitive_attributes": [],
          "private": "eyJlMmJmYjczMC1lY2FhLTExZTYtOGY4OC0zNDM2M2JjN2M0YzAiOnsiY3JlYXRlIjoxMjAwMDAwMDAwMDAwLCJkZWxldGUiOjEyMDAwMDAwMDAwMDAsInVwZGF0ZSI6MTIwMDAwMDAwMDAwMH19",
          "dependencies": [
            "data.external.compute_instances",
            "module.vm_alerts.google_monitoring_notification_channel.email"
          ]
        }
      ]
    },
    {
      "module": "module.vm_alerts",
      "mode": "managed",
      "type": "google_monitoring_alert_policy",
      "name": "network_alert",
      "provider": "provider[\"registry.terraform.io/hashicorp/google\"]",
      "instances": [
        {
          "index_key": "2142141910119978407",
          "schema_version": 0,
          "attributes": {
            "alert_strategy": [],
            "combiner": "OR",
            "conditions": [
              {
                "condition_absent": [],
                "condition_matched_log": [],
                "condition_monitoring_query_language": [],
                "condition_prometheus_query_language": [],
                "condition_threshold": [
                  {
                    "aggregations": [
                      {
                        "alignment_period": "60s",
                        "cross_series_reducer": "",
                        "group_by_fields": null,
                        "per_series_aligner": "ALIGN_RATE"
                      }
                    ],
                    "comparison": "COMPARISON_GT",
                    "denominator_aggregations": [],
                    "denominator_filter": "",
                    "duration": "60s",
                    "evaluation_missing_data": "",
                    "filter": "metric.type=\"compute.googleapis.com/instance/network/received_bytes_count\" AND resource.type=\"gce_instance\" AND resource.label.instance_id=\"2142141910119978407\"",
                    "forecast_options": [],
                    "threshold_value": 1000000,
                    "trigger": []
                  }
                ],
                "display_name": "High Network Usage",
                "name": "projects/rnd2024/alertPolicies/15947085285029301873/conditions/15947085285029300606"
              }
            ],
            "creation_record": [
              {
                "mutate_time": "2024-07-29T14:49:24.425437912Z",
                "mutated_by": "shubham.pal@lumiq.ai"
              }
            ],
            "display_name": "High Network Usage for Labeled Instance",
            "documentation": [
              {
                "content": "This alert policy triggers when the network usage exceeds the specified threshold for more than 60 seconds.",
                "links": [],
                "mime_type": "text/markdown",
                "subject": ""
              }
            ],
            "enabled": true,
            "id": "projects/rnd2024/alertPolicies/15947085285029301873",
            "name": "projects/rnd2024/alertPolicies/15947085285029301873",
            "notification_channels": [
              "projects/rnd2024/notificationChannels/8242617300837024130"
            ],
            "project": "rnd2024",
            "severity": "",
            "timeouts": null,
            "user_labels": {
              "severity": "critical"
            }
          },
          "sensitive_attributes": [],
          "private": "eyJlMmJmYjczMC1lY2FhLTExZTYtOGY4OC0zNDM2M2JjN2M0YzAiOnsiY3JlYXRlIjoxMjAwMDAwMDAwMDAwLCJkZWxldGUiOjEyMDAwMDAwMDAwMDAsInVwZGF0ZSI6MTIwMDAwMDAwMDAwMH19",
          "dependencies": [
            "data.external.compute_instances",
            "module.vm_alerts.google_monitoring_notification_channel.email"
          ]
        },
        {
          "index_key": "5451151660293904844",
          "schema_version": 0,
          "attributes": {
            "alert_strategy": [],
            "combiner": "OR",
            "conditions": [
              {
                "condition_absent": [],
                "condition_matched_log": [],
                "condition_monitoring_query_language": [],
                "condition_prometheus_query_language": [],
                "condition_threshold": [
                  {
                    "aggregations": [
                      {
                        "alignment_period": "60s",
                        "cross_series_reducer": "",
                        "group_by_fields": null,
                        "per_series_aligner": "ALIGN_RATE"
                      }
                    ],
                    "comparison": "COMPARISON_GT",
                    "denominator_aggregations": [],
                    "denominator_filter": "",
                    "duration": "60s",
                    "evaluation_missing_data": "",
                    "filter": "metric.type=\"compute.googleapis.com/instance/network/received_bytes_count\" AND resource.type=\"gce_instance\" AND resource.label.instance_id=\"5451151660293904844\"",
                    "forecast_options": [],
                    "threshold_value": 1000000,
                    "trigger": []
                  }
                ],
                "display_name": "High Network Usage",
                "name": "projects/rnd2024/alertPolicies/2194219669518700589/conditions/2194219669518701770"
              }
            ],
            "creation_record": [
              {
                "mutate_time": "2024-07-29T14:49:16.874439137Z",
                "mutated_by": "shubham.pal@lumiq.ai"
              }
            ],
            "display_name": "High Network Usage for Labeled Instance",
            "documentation": [
              {
                "content": "This alert policy triggers when the network usage exceeds the specified threshold for more than 60 seconds.",
                "links": [],
                "mime_type": "text/markdown",
                "subject": ""
              }
            ],
            "enabled": true,
            "id": "projects/rnd2024/alertPolicies/2194219669518700589",
            "name": "projects/rnd2024/alertPolicies/2194219669518700589",
            "notification_channels": [
              "projects/rnd2024/notificationChannels/8242617300837024130"
            ],
            "project": "rnd2024",
            "severity": "",
            "timeouts": null,
            "user_labels": {
              "severity": "critical"
            }
          },
          "sensitive_attributes": [],
          "private": "eyJlMmJmYjczMC1lY2FhLTExZTYtOGY4OC0zNDM2M2JjN2M0YzAiOnsiY3JlYXRlIjoxMjAwMDAwMDAwMDAwLCJkZWxldGUiOjEyMDAwMDAwMDAwMDAsInVwZGF0ZSI6MTIwMDAwMDAwMDAwMH19",
          "dependencies": [
            "data.external.compute_instances",
            "module.vm_alerts.google_monitoring_notification_channel.email"
          ]
        }
      ]
    },
    {
      "module": "module.vm_alerts",
      "mode": "managed",
      "type": "google_monitoring_notification_channel",
      "name": "email",
      "provider": "provider[\"registry.terraform.io/hashicorp/google\"]",
      "instances": [
        {
          "schema_version": 0,
          "attributes": {
            "description": "",
            "display_name": "Email Notification Channel",
            "enabled": true,
            "force_delete": false,
            "id": "projects/rnd2024/notificationChannels/8242617300837024130",
            "labels": {
              "email_address": "temp@mail.com"
            },
            "name": "projects/rnd2024/notificationChannels/8242617300837024130",
            "project": "rnd2024",
            "sensitive_labels": [],
            "timeouts": null,
            "type": "email",
            "user_labels": null,
            "verification_status": ""
          },
          "sensitive_attributes": [],
          "private": "eyJlMmJmYjczMC1lY2FhLTExZTYtOGY4OC0zNDM2M2JjN2M0YzAiOnsiY3JlYXRlIjoxMjAwMDAwMDAwMDAwLCJkZWxldGUiOjEyMDAwMDAwMDAwMDAsInVwZGF0ZSI6MTIwMDAwMDAwMDAwMH19"
        }
      ]
    }
  ],
  "check_results": null
}
