{
  "version": 4,
  "terraform_version": "1.7.4",
  "serial": 44,
  "lineage": "9bdffaa9-7b69-10aa-3026-52f421239967",
  "outputs": {},
  "resources": [
    {
      "mode": "data",
      "type": "external",
      "name": "instances",
      "provider": "provider[\"registry.terraform.io/hashicorp/external\"]",
      "instances": [
        {
          "schema_version": 0,
          "attributes": {
            "id": "-",
            "program": [
              "python3",
              "fetch_instances.py",
              "rnd2024",
              "tf-test-key",
              "tf-test-val"
            ],
            "query": null,
            "result": {
              "instance_0": "2142141910119978407",
              "instance_1": "5451151660293904844"
            },
            "working_dir": null
          },
          "sensitive_attributes": []
        }
      ]
    },
    {
      "mode": "managed",
      "type": "google_monitoring_alert_policy",
      "name": "cpu_alert",
      "provider": "provider[\"registry.terraform.io/hashicorp/google\"]",
      "instances": [
        {
          "index_key": "2142141910119978407",
          "schema_version": 0,
          "attributes": {
            "alert_strategy": [],
            "combiner": "OR",
            "conditions": [
              {
                "condition_absent": [],
                "condition_matched_log": [],
                "condition_monitoring_query_language": [],
                "condition_prometheus_query_language": [],
                "condition_threshold": [
                  {
                    "aggregations": [
                      {
                        "alignment_period": "60s",
                        "cross_series_reducer": "",
                        "group_by_fields": null,
                        "per_series_aligner": "ALIGN_MEAN"
                      }
                    ],
                    "comparison": "COMPARISON_GT",
                    "denominator_aggregations": [],
                    "denominator_filter": "",
                    "duration": "60s",
                    "evaluation_missing_data": "",
                    "filter": "metric.type=\"compute.googleapis.com/instance/cpu/utilization\" AND resource.type=\"gce_instance\" AND resource.labels.instance_id=\"2142141910119978407\"",
                    "forecast_options": [],
                    "threshold_value": 0.8,
                    "trigger": []
                  }
                ],
                "display_name": "High CPU Usage",
                "name": "projects/rnd2024/alertPolicies/8061875037757998902/conditions/8061875037757999975"
              }
            ],
            "creation_record": [
              {
                "mutate_time": "2024-07-19T06:53:07.094004575Z",
                "mutated_by": "shubham.pal@lumiq.ai"
              }
            ],
            "display_name": "High CPU Usage for Labeled Instance",
            "documentation": [
              {
                "content": "This alert policy triggers when the CPU usage exceeds 80% for more than 60 seconds.",
                "links": [],
                "mime_type": "text/markdown",
                "subject": ""
              }
            ],
            "enabled": true,
            "id": "projects/rnd2024/alertPolicies/8061875037757998902",
            "name": "projects/rnd2024/alertPolicies/8061875037757998902",
            "notification_channels": [
              "projects/rnd2024/notificationChannels/6227333757731304746"
            ],
            "project": "rnd2024",
            "severity": "",
            "timeouts": null,
            "user_labels": {
              "severity": "critical"
            }
          },
          "sensitive_attributes": [],
          "private": "eyJlMmJmYjczMC1lY2FhLTExZTYtOGY4OC0zNDM2M2JjN2M0YzAiOnsiY3JlYXRlIjoxMjAwMDAwMDAwMDAwLCJkZWxldGUiOjEyMDAwMDAwMDAwMDAsInVwZGF0ZSI6MTIwMDAwMDAwMDAwMH19",
          "dependencies": [
            "data.external.instances",
            "google_monitoring_notification_channel.email"
          ]
        },
        {
          "index_key": "5451151660293904844",
          "schema_version": 0,
          "attributes": {
            "alert_strategy": [],
            "combiner": "OR",
            "conditions": [
              {
                "condition_absent": [],
                "condition_matched_log": [],
                "condition_monitoring_query_language": [],
                "condition_prometheus_query_language": [],
                "condition_threshold": [
                  {
                    "aggregations": [
                      {
                        "alignment_period": "60s",
                        "cross_series_reducer": "",
                        "group_by_fields": null,
                        "per_series_aligner": "ALIGN_MEAN"
                      }
                    ],
                    "comparison": "COMPARISON_GT",
                    "denominator_aggregations": [],
                    "denominator_filter": "",
                    "duration": "60s",
                    "evaluation_missing_data": "",
                    "filter": "metric.type=\"compute.googleapis.com/instance/cpu/utilization\" AND resource.type=\"gce_instance\" AND resource.labels.instance_id=\"5451151660293904844\"",
                    "forecast_options": [],
                    "threshold_value": 0.8,
                    "trigger": []
                  }
                ],
                "display_name": "High CPU Usage",
                "name": "projects/rnd2024/alertPolicies/4788794394265252060/conditions/4788794394265255235"
              }
            ],
            "creation_record": [
              {
                "mutate_time": "2024-07-19T06:52:59.533888684Z",
                "mutated_by": "shubham.pal@lumiq.ai"
              }
            ],
            "display_name": "High CPU Usage for Labeled Instance",
            "documentation": [
              {
                "content": "This alert policy triggers when the CPU usage exceeds 80% for more than 60 seconds.",
                "links": [],
                "mime_type": "text/markdown",
                "subject": ""
              }
            ],
            "enabled": true,
            "id": "projects/rnd2024/alertPolicies/4788794394265252060",
            "name": "projects/rnd2024/alertPolicies/4788794394265252060",
            "notification_channels": [
              "projects/rnd2024/notificationChannels/6227333757731304746"
            ],
            "project": "rnd2024",
            "severity": "",
            "timeouts": null,
            "user_labels": {
              "severity": "critical"
            }
          },
          "sensitive_attributes": [],
          "private": "eyJlMmJmYjczMC1lY2FhLTExZTYtOGY4OC0zNDM2M2JjN2M0YzAiOnsiY3JlYXRlIjoxMjAwMDAwMDAwMDAwLCJkZWxldGUiOjEyMDAwMDAwMDAwMDAsInVwZGF0ZSI6MTIwMDAwMDAwMDAwMH19",
          "dependencies": [
            "data.external.instances",
            "google_monitoring_notification_channel.email"
          ]
        }
      ]
    },
    {
      "mode": "managed",
      "type": "google_monitoring_alert_policy",
      "name": "network_alert",
      "provider": "provider[\"registry.terraform.io/hashicorp/google\"]",
      "instances": [
        {
          "index_key": "2142141910119978407",
          "schema_version": 0,
          "attributes": {
            "alert_strategy": [],
            "combiner": "OR",
            "conditions": [
              {
                "condition_absent": [],
                "condition_matched_log": [],
                "condition_monitoring_query_language": [],
                "condition_prometheus_query_language": [],
                "condition_threshold": [
                  {
                    "aggregations": [
                      {
                        "alignment_period": "60s",
                        "cross_series_reducer": "",
                        "group_by_fields": null,
                        "per_series_aligner": "ALIGN_RATE"
                      }
                    ],
                    "comparison": "COMPARISON_GT",
                    "denominator_aggregations": [],
                    "denominator_filter": "",
                    "duration": "60s",
                    "evaluation_missing_data": "",
                    "filter": "metric.type=\"compute.googleapis.com/instance/network/received_bytes_count\" AND resource.type=\"gce_instance\" AND resource.labels.instance_id=\"2142141910119978407\"",
                    "forecast_options": [],
                    "threshold_value": 1000000,
                    "trigger": []
                  }
                ],
                "display_name": "High Network Usage",
                "name": "projects/rnd2024/alertPolicies/16824737410884831859/conditions/16824737410884832926"
              }
            ],
            "creation_record": [
              {
                "mutate_time": "2024-07-19T06:53:04.627091014Z",
                "mutated_by": "shubham.pal@lumiq.ai"
              }
            ],
            "display_name": "High Network Usage for Labeled Instance",
            "documentation": [
              {
                "content": "This alert policy triggers when the network usage exceeds the specified threshold for more than 60 seconds.",
                "links": [],
                "mime_type": "text/markdown",
                "subject": ""
              }
            ],
            "enabled": true,
            "id": "projects/rnd2024/alertPolicies/16824737410884831859",
            "name": "projects/rnd2024/alertPolicies/16824737410884831859",
            "notification_channels": [
              "projects/rnd2024/notificationChannels/6227333757731304746"
            ],
            "project": "rnd2024",
            "severity": "",
            "timeouts": null,
            "user_labels": {
              "severity": "critical"
            }
          },
          "sensitive_attributes": [],
          "private": "eyJlMmJmYjczMC1lY2FhLTExZTYtOGY4OC0zNDM2M2JjN2M0YzAiOnsiY3JlYXRlIjoxMjAwMDAwMDAwMDAwLCJkZWxldGUiOjEyMDAwMDAwMDAwMDAsInVwZGF0ZSI6MTIwMDAwMDAwMDAwMH19",
          "dependencies": [
            "data.external.instances",
            "google_monitoring_notification_channel.email"
          ]
        },
        {
          "index_key": "5451151660293904844",
          "schema_version": 0,
          "attributes": {
            "alert_strategy": [],
            "combiner": "OR",
            "conditions": [
              {
                "condition_absent": [],
                "condition_matched_log": [],
                "condition_monitoring_query_language": [],
                "condition_prometheus_query_language": [],
                "condition_threshold": [
                  {
                    "aggregations": [
                      {
                        "alignment_period": "60s",
                        "cross_series_reducer": "",
                        "group_by_fields": null,
                        "per_series_aligner": "ALIGN_RATE"
                      }
                    ],
                    "comparison": "COMPARISON_GT",
                    "denominator_aggregations": [],
                    "denominator_filter": "",
                    "duration": "60s",
                    "evaluation_missing_data": "",
                    "filter": "metric.type=\"compute.googleapis.com/instance/network/received_bytes_count\" AND resource.type=\"gce_instance\" AND resource.labels.instance_id=\"5451151660293904844\"",
                    "forecast_options": [],
                    "threshold_value": 1000000,
                    "trigger": []
                  }
                ],
                "display_name": "High Network Usage",
                "name": "projects/rnd2024/alertPolicies/14258681690574069973/conditions/14258681690574071868"
              }
            ],
            "creation_record": [
              {
                "mutate_time": "2024-07-19T06:53:01.967687167Z",
                "mutated_by": "shubham.pal@lumiq.ai"
              }
            ],
            "display_name": "High Network Usage for Labeled Instance",
            "documentation": [
              {
                "content": "This alert policy triggers when the network usage exceeds the specified threshold for more than 60 seconds.",
                "links": [],
                "mime_type": "text/markdown",
                "subject": ""
              }
            ],
            "enabled": true,
            "id": "projects/rnd2024/alertPolicies/14258681690574069973",
            "name": "projects/rnd2024/alertPolicies/14258681690574069973",
            "notification_channels": [
              "projects/rnd2024/notificationChannels/6227333757731304746"
            ],
            "project": "rnd2024",
            "severity": "",
            "timeouts": null,
            "user_labels": {
              "severity": "critical"
            }
          },
          "sensitive_attributes": [],
          "private": "eyJlMmJmYjczMC1lY2FhLTExZTYtOGY4OC0zNDM2M2JjN2M0YzAiOnsiY3JlYXRlIjoxMjAwMDAwMDAwMDAwLCJkZWxldGUiOjEyMDAwMDAwMDAwMDAsInVwZGF0ZSI6MTIwMDAwMDAwMDAwMH19",
          "dependencies": [
            "data.external.instances",
            "google_monitoring_notification_channel.email"
          ]
        }
      ]
    },
    {
      "mode": "managed",
      "type": "google_monitoring_notification_channel",
      "name": "email",
      "provider": "provider[\"registry.terraform.io/hashicorp/google\"]",
      "instances": [
        {
          "schema_version": 0,
          "attributes": {
            "description": "",
            "display_name": "Email Notification Channel",
            "enabled": true,
            "force_delete": false,
            "id": "projects/rnd2024/notificationChannels/6227333757731304746",
            "labels": {
              "email_address": "temp@mail.com"
            },
            "name": "projects/rnd2024/notificationChannels/6227333757731304746",
            "project": "rnd2024",
            "sensitive_labels": [],
            "timeouts": null,
            "type": "email",
            "user_labels": null,
            "verification_status": ""
          },
          "sensitive_attributes": [],
          "private": "eyJlMmJmYjczMC1lY2FhLTExZTYtOGY4OC0zNDM2M2JjN2M0YzAiOnsiY3JlYXRlIjoxMjAwMDAwMDAwMDAwLCJkZWxldGUiOjEyMDAwMDAwMDAwMDAsInVwZGF0ZSI6MTIwMDAwMDAwMDAwMH19"
        }
      ]
    }
  ],
  "check_results": null
}
